
Microsoft Visual Studio Solution File, Format Version 12.00
# Visual Studio Version 17
VisualStudioVersion = 17.5.33414.496
MinimumVisualStudioVersion = 10.0.40219.1
Project("{FAE04EC0-301F-11D3-BF4B-00C04F79EFBC}") = "KGCBank", "KGCBank.csproj", "{D5F81377-C314-42BE-9D57-6FD309F8F908}"
EndProject
Global
	GlobalSection(SolutionConfigurationPlatforms) = preSolution
		Debug|Any CPU = Debug|Any CPU
		Release|Any CPU = Release|Any CPU
	EndGlobalSection
	GlobalSection(ProjectConfigurationPlatforms) = postSolution
		{D5F81377-C314-42BE-9D57-6FD309F8F908}.Debug|Any CPU.ActiveCfg = Debug|Any CPU
		{D5F81377-C314-42BE-9D57-6FD309F8F908}.Debug|Any CPU.Build.0 = Debug|Any CPU
		{D5F81377-C314-42BE-9D57-6FD309F8F908}.Release|Any CPU.ActiveCfg = Release|Any CPU
		{D5F81377-C314-42BE-9D57-6FD309F8F908}.Release|Any CPU.Build.0 = Release|Any CPU
	EndGlobalSection
	GlobalSection(SolutionProperties) = preSolution
		HideSolutionNode = FALSE
	EndGlobalSection
	GlobalSection(ExtensibilityGlobals) = postSolution
		SolutionGuid = {A1E968CF-02CD-4224-9020-2D75A6F64DFB}
	EndGlobalSection
EndGlobal
